
Microsoft Visual Studio Solution File, Format Version 12.00
# Visual Studio Version 17
VisualStudioVersion = 17.2.32505.173
MinimumVisualStudioVersion = 10.0.40219.1
Project("{FAE04EC0-301F-11D3-BF4B-00C04F79EFBC}") = "Abhiroop.Busines", "Abhiroop.Busines.Service\Abhiroop.Busines.csproj", "{A7AF819F-9051-4DE5-8DE1-0A4239127728}"
EndProject
Project("{FAE04EC0-301F-11D3-BF4B-00C04F79EFBC}") = "Abhiroop.Domain", "Abhiroop.Domain\Abhiroop.Domain.csproj", "{1FC9EC12-AD63-4D06-A005-0C9F07E2134F}"
EndProject
Project("{FAE04EC0-301F-11D3-BF4B-00C04F79EFBC}") = "Abhiroop.Busines.Control", "Abhiroop.Busines.Control\Abhiroop.Busines.Control.csproj", "{59C6C342-5FDE-48F5-A8B6-124DC29D106D}"
EndProject
Project("{FAE04EC0-301F-11D3-BF4B-00C04F79EFBC}") = "Abhiroop.Repository", "Abhiroop.Repository\Abhiroop.Repository.csproj", "{E7F33D92-1FAC-4AD5-A89A-FB4F5BE8D081}"
EndProject
Project("{FAE04EC0-301F-11D3-BF4B-00C04F79EFBC}") = "Abhiroop.Web", "Abhiroop.Web\Abhiroop.Web.csproj", "{FF2CE697-5BE4-4F79-B07E-70E1C5ECD389}"
EndProject
Global
	GlobalSection(SolutionConfigurationPlatforms) = preSolution
		Debug|Any CPU = Debug|Any CPU
		Release|Any CPU = Release|Any CPU
	EndGlobalSection
	GlobalSection(ProjectConfigurationPlatforms) = postSolution
		{A7AF819F-9051-4DE5-8DE1-0A4239127728}.Debug|Any CPU.ActiveCfg = Debug|Any CPU
		{A7AF819F-9051-4DE5-8DE1-0A4239127728}.Debug|Any CPU.Build.0 = Debug|Any CPU
		{A7AF819F-9051-4DE5-8DE1-0A4239127728}.Release|Any CPU.ActiveCfg = Release|Any CPU
		{A7AF819F-9051-4DE5-8DE1-0A4239127728}.Release|Any CPU.Build.0 = Release|Any CPU
		{1FC9EC12-AD63-4D06-A005-0C9F07E2134F}.Debug|Any CPU.ActiveCfg = Debug|Any CPU
		{1FC9EC12-AD63-4D06-A005-0C9F07E2134F}.Debug|Any CPU.Build.0 = Debug|Any CPU
		{1FC9EC12-AD63-4D06-A005-0C9F07E2134F}.Release|Any CPU.ActiveCfg = Release|Any CPU
		{1FC9EC12-AD63-4D06-A005-0C9F07E2134F}.Release|Any CPU.Build.0 = Release|Any CPU
		{59C6C342-5FDE-48F5-A8B6-124DC29D106D}.Debug|Any CPU.ActiveCfg = Debug|Any CPU
		{59C6C342-5FDE-48F5-A8B6-124DC29D106D}.Debug|Any CPU.Build.0 = Debug|Any CPU
		{59C6C342-5FDE-48F5-A8B6-124DC29D106D}.Release|Any CPU.ActiveCfg = Release|Any CPU
		{59C6C342-5FDE-48F5-A8B6-124DC29D106D}.Release|Any CPU.Build.0 = Release|Any CPU
		{E7F33D92-1FAC-4AD5-A89A-FB4F5BE8D081}.Debug|Any CPU.ActiveCfg = Debug|Any CPU
		{E7F33D92-1FAC-4AD5-A89A-FB4F5BE8D081}.Debug|Any CPU.Build.0 = Debug|Any CPU
		{E7F33D92-1FAC-4AD5-A89A-FB4F5BE8D081}.Release|Any CPU.ActiveCfg = Release|Any CPU
		{E7F33D92-1FAC-4AD5-A89A-FB4F5BE8D081}.Release|Any CPU.Build.0 = Release|Any CPU
		{FF2CE697-5BE4-4F79-B07E-70E1C5ECD389}.Debug|Any CPU.ActiveCfg = Debug|Any CPU
		{FF2CE697-5BE4-4F79-B07E-70E1C5ECD389}.Debug|Any CPU.Build.0 = Debug|Any CPU
		{FF2CE697-5BE4-4F79-B07E-70E1C5ECD389}.Release|Any CPU.ActiveCfg = Release|Any CPU
		{FF2CE697-5BE4-4F79-B07E-70E1C5ECD389}.Release|Any CPU.Build.0 = Release|Any CPU
	EndGlobalSection
	GlobalSection(SolutionProperties) = preSolution
		HideSolutionNode = FALSE
	EndGlobalSection
	GlobalSection(ExtensibilityGlobals) = postSolution
		SolutionGuid = {CF12D620-20F8-48A7-88AA-A3AC918B7C8F}
	EndGlobalSection
EndGlobal
